// !$*UTF8*$!
{
	archiveVersion = 1;
	classes = {
	};
	objectVersion = 77;
	objects = {

/* Begin PBXBuildFile section */
		F86E64B82F6F04EF0078FF79 /* MASShortcut in Frameworks */ = {isa = PBXBuildFile; productRef = F86E64B72F6F04EF0078FF79 /* MASShortcut */; };
/* End PBXBuildFile section */

/* Begin PBXContainerItemProxy section */
		F8A0B8512F6EF1270063A0CC /* PBXContainerItemProxy */ = {
			isa = PBXContainerItemProxy;
			containerPortal = F8A0B83A2F6EF1250063A0CC /* Project object */;
			proxyType = 1;
			remoteGlobalIDString = F8A0B8412F6EF1250063A0CC;
			remoteInfo = Flash;
		};
		F8A0B85B2F6EF1270063A0CC /* PBXContainerItemProxy */ = {
			isa = PBXContainerItemProxy;
			containerPortal = F8A0B83A2F6EF1250063A0CC /* Project object */;
			proxyType = 1;
			remoteGlobalIDString = F8A0B8412F6EF1250063A0CC;
			remoteInfo = Flash;
		};
/* End PBXContainerItemProxy section */

/* Begin PBXFileReference section */
		F8A0B8422F6EF1250063A0CC /* Flash.app */ = {isa = PBXFileReference; explicitFileType = wrapper.application; includeInIndex = 0; path = Flash.app; sourceTree = BUILT_PRODUCTS_DIR; };
		F8A0B8502F6EF1270063A0CC /* FlashTests.xctest */ = {isa = PBXFileReference; explicitFileType = wrapper.cfbundle; includeInIndex = 0; path = FlashTests.xctest; sourceTree = BUILT_PRODUCTS_DIR; };
		F8A0B85A2F6EF1270063A0CC /* FlashUITests.xctest */ = {isa = PBXFileReference; explicitFileType = wrapper.cfbundle; includeInIndex = 0; path = FlashUITests.xctest; sourceTree = BUILT_PRODUCTS_DIR; };
/* End PBXFileReference section */

/* Begin PBXFileSystemSynchronizedRootGroup section */
		F8A0B8442F6EF1250063A0CC /* Flash */ = {
			isa = PBXFileSystemSynchronizedRootGroup;
			path = Flash;
			sourceTree = "<group>";
		};
		F8A0B8532F6EF1270063A0CC /* FlashTests */ = {
			isa = PBXFileSystemSynchronizedRootGroup;
			path = FlashTests;
			sourceTree = "<group>";
		};
		F8A0B85D2F6EF1270063A0CC /* FlashUITests */ = {
			isa = PBXFileSystemSynchronizedRootGroup;
			path = FlashUITests;
			sourceTree = "<group>";
		};
/* End PBXFileSystemSynchronizedRootGroup section */

/* Begin PBXFrameworksBuildPhase section */
		F8A0B83F2F6EF1250063A0CC /* Frameworks */ = {
			isa = PBXFrameworksBuildPhase;
			buildActionMask = 2147483647;
			files = (
				F86E64B82F6F04EF0078FF79 /* MASShortcut in Frameworks */,
			);
			runOnlyForDeploymentPostprocessing = 0;
		};
		F8A0B84D2F6EF1270063A0CC /* Frameworks */ = {
			isa = PBXFrameworksBuildPhase;
			buildActionMask = 2147483647;
			files = (
			);
			runOnlyForDeploymentPostprocessing = 0;
		};
		F8A0B8572F6EF1270063A0CC /* Frameworks */ = {
			isa = PBXFrameworksBuildPhase;
			buildActionMask = 2147483647;
			files = (
			);
			runOnlyForDeploymentPostprocessing = 0;
		};
/* End PBXFrameworksBuildPhase section */

/* Begin PBXGroup section */
		F8A0B8392F6EF1250063A0CC = {
			isa = PBXGroup;
			children = (
				F8A0B8442F6EF1250063A0CC /* Flash */,
				F8A0B8532F6EF1270063A0CC /* FlashTests */,
				F8A0B85D2F6EF1270063A0CC /* FlashUITests */,
				F8A0B8432F6EF1250063A0CC /* Products */,
			);
			sourceTree = "<group>";
		};
		F8A0B8432F6EF1250063A0CC /* Products */ = {
			isa = PBXGroup;
			children = (
				F8A0B8422F6EF1250063A0CC /* Flash.app */,
				F8A0B8502F6EF1270063A0CC /* FlashTests.xctest */,
				F8A0B85A2F6EF1270063A0CC /* FlashUITests.xctest */,
			);
			name = Products;
			sourceTree = "<group>";
		};
/* End PBXGroup section */

/* Begin PBXNativeTarget section */
		F8A0B8412F6EF1250063A0CC /* Flash */ = {
			isa = PBXNativeTarget;
			buildConfigurationList = F8A0B8642F6EF1270063A0CC /* Build configuration list for PBXNativeTarget "Flash" */;
			buildPhases = (
				F8A0B83E2F6EF1250063A0CC /* Sources */,
				F8A0B83F2F6EF1250063A0CC /* Frameworks */,
				F8A0B8402F6EF1250063A0CC /* Resources */,
			);
			buildRules = (
			);
			dependencies = (
			);
			fileSystemSynchronizedGroups = (
				F8A0B8442F6EF1250063A0CC /* Flash */,
			);
			name = Flash;
			packageProductDependencies = (
				F86E64B72F6F04EF0078FF79 /* MASShortcut */,
			);
			productName = Flash;
			productReference = F8A0B8422F6EF1250063A0CC /* Flash.app */;
			productType = "com.apple.product-type.application";
		};
		F8A0B84F2F6EF1270063A0CC /* FlashTests */ = {
			isa = PBXNativeTarget;
			buildConfigurationList = F8A0B8672F6EF1270063A0CC /* Build configuration list for PBXNativeTarget "FlashTests" */;
			buildPhases = (
				F8A0B84C2F6EF1270063A0CC /* Sources */,
				F8A0B84D2F6EF1270063A0CC /* Frameworks */,
				F8A0B84E2F6EF1270063A0CC /* Resources */,
			);
			buildRules = (
			);
			dependencies = (
				F8A0B8522F6EF1270063A0CC /* PBXTargetDependency */,
			);
			fileSystemSynchronizedGroups = (
				F8A0B8532F6EF1270063A0CC /* FlashTests */,
			);
			name = FlashTests;
			packageProductDependencies = (
			);
			productName = FlashTests;
			productReference = F8A0B8502F6EF1270063A0CC /* FlashTests.xctest */;
			productType = "com.apple.product-type.bundle.unit-test";
		};
		F8A0B8592F6EF1270063A0CC /* FlashUITests */ = {
			isa = PBXNativeTarget;
			buildConfigurationList = F8A0B86A2F6EF1270063A0CC /* Build configuration list for PBXNativeTarget "FlashUITests" */;
			buildPhases = (
				F8A0B8562F6EF1270063A0CC /* Sources */,
				F8A0B8572F6EF1270063A0CC /* Frameworks */,
				F8A0B8582F6EF1270063A0CC /* Resources */,
			);
			buildRules = (
			);
			dependencies = (
				F8A0B85C2F6EF1270063A0CC /* PBXTargetDependency */,
			);
			fileSystemSynchronizedGroups = (
				F8A0B85D2F6EF1270063A0CC /* FlashUITests */,
			);
			name = FlashUITests;
			packageProductDependencies = (
			);
			productName = FlashUITests;
			productReference = F8A0B85A2F6EF1270063A0CC /* FlashUITests.xctest */;
			productType = "com.apple.product-type.bundle.ui-testing";
		};
/* End PBXNativeTarget section */

/* Begin PBXProject section */
		F8A0B83A2F6EF1250063A0CC /* Project object */ = {
			isa = PBXProject;
			attributes = {
				BuildIndependentTargetsInParallel = 1;
				LastSwiftUpdateCheck = 1640;
				LastUpgradeCheck = 1640;
				TargetAttributes = {
					F8A0B8412F6EF1250063A0CC = {
						CreatedOnToolsVersion = 16.4;
					};
					F8A0B84F2F6EF1270063A0CC = {
						CreatedOnToolsVersion = 16.4;
						TestTargetID = F8A0B8412F6EF1250063A0CC;
					};
					F8A0B8592F6EF1270063A0CC = {
						CreatedOnToolsVersion = 16.4;
						TestTargetID = F8A0B8412F6EF1250063A0CC;
					};
				};
			};
			buildConfigurationList = F8A0B83D2F6EF1250063A0CC /* Build configuration list for PBXProject "Flash" */;
			developmentRegion = en;
			hasScannedForEncodings = 0;
			knownRegions = (
				en,
				Base,
			);
			mainGroup = F8A0B8392F6EF1250063A0CC;
			minimizedProjectReferenceProxies = 1;
			packageReferences = (
				F86E64B62F6F04EF0078FF79 /* XCRemoteSwiftPackageReference "MASShortcut" */,
			);
			preferredProjectObjectVersion = 77;
			productRefGroup = F8A0B8432F6EF1250063A0CC /* Products */;
			projectDirPath = "";
			projectRoot = "";
			targets = (
				F8A0B8412F6EF1250063A0CC /* Flash */,
				F8A0B84F2F6EF1270063A0CC /* FlashTests */,
				F8A0B8592F6EF1270063A0CC /* FlashUITests */,
			);
		};
/* End PBXProject section */

/* Begin PBXResourcesBuildPhase section */
		F8A0B8402F6EF1250063A0CC /* Resources */ = {
			isa = PBXResourcesBuildPhase;
			buildActionMask = 2147483647;
			files = (
			);
			runOnlyForDeploymentPostprocessing = 0;
		};
		F8A0B84E2F6EF1270063A0CC /* Resources */ = {
			isa = PBXResourcesBuildPhase;
			buildActionMask = 2147483647;
			files = (
			);
			runOnlyForDeploymentPostprocessing = 0;
		};
		F8A0B8582F6EF1270063A0CC /* Resources */ = {
			isa = PBXResourcesBuildPhase;
			buildActionMask = 2147483647;
			files = (
			);
			runOnlyForDeploymentPostprocessing = 0;
		};
/* End PBXResourcesBuildPhase section */

/* Begin PBXSourcesBuildPhase section */
		F8A0B83E2F6EF1250063A0CC /* Sources */ = {
			isa = PBXSourcesBuildPhase;
			buildActionMask = 2147483647;
			files = (
			);
			runOnlyForDeploymentPostprocessing = 0;
		};
		F8A0B84C2F6EF1270063A0CC /* Sources */ = {
			isa = PBXSourcesBuildPhase;
			buildActionMask = 2147483647;
			files = (
			);
			runOnlyForDeploymentPostprocessing = 0;
		};
		F8A0B8562F6EF1270063A0CC /* Sources */ = {
			isa = PBXSourcesBuildPhase;
			buildActionMask = 2147483647;
			files = (
			);
			runOnlyForDeploymentPostprocessing = 0;
		};
/* End PBXSourcesBuildPhase section */

/* Begin PBXTargetDependency section */
		F8A0B8522F6EF1270063A0CC /* PBXTargetDependency */ = {
			isa = PBXTargetDependency;
			target = F8A0B8412F6EF1250063A0CC /* Flash */;
			targetProxy = F8A0B8512F6EF1270063A0CC /* PBXContainerItemProxy */;
		};
		F8A0B85C2F6EF1270063A0CC /* PBXTargetDependency */ = {
			isa = PBXTargetDependency;
			target = F8A0B8412F6EF1250063A0CC /* Flash */;
			targetProxy = F8A0B85B2F6EF1270063A0CC /* PBXContainerItemProxy */;
		};
/* End PBXTargetDependency section */

/* Begin XCBuildConfiguration section */
		F8A0B8622F6EF1270063A0CC /* Debug */ = {
			isa = XCBuildConfiguration;
			buildSettings = {
				ALWAYS_SEARCH_USER_PATHS = NO;
				ASSETCATALOG_COMPILER_GENERATE_SWIFT_ASSET_SYMBOL_EXTENSIONS = YES;
				CLANG_ANALYZER_NONNULL = YES;
				CLANG_ANALYZER_NUMBER_OBJECT_CONVERSION = YES_AGGRESSIVE;
				CLANG_CXX_LANGUAGE_STANDARD = "gnu++20";
				CLANG_ENABLE_MODULES = YES;
				CLANG_ENABLE_OBJC_ARC = YES;
				CLANG_ENABLE_OBJC_WEAK = YES;
				CLANG_WARN_BLOCK_CAPTURE_AUTORELEASING = YES;
				CLANG_WARN_BOOL_CONVERSION = YES;
				CLANG_WARN_COMMA = YES;
				CLANG_WARN_CONSTANT_CONVERSION = YES;
				CLANG_WARN_DEPRECATED_OBJC_IMPLEMENTATIONS = YES;
				CLANG_WARN_DIRECT_OBJC_ISA_USAGE = YES_ERROR;
				CLANG_WARN_DOCUMENTATION_COMMENTS = YES;
				CLANG_WARN_EMPTY_BODY = YES;
				CLANG_WARN_ENUM_CONVERSION = YES;
				CLANG_WARN_INFINITE_RECURSION = YES;
				CLANG_WARN_INT_CONVERSION = YES;
				CLANG_WARN_NON_LITERAL_NULL_CONVERSION = YES;
				CLANG_WARN_OBJC_IMPLICIT_RETAIN_SELF = YES;
				CLANG_WARN_OBJC_LITERAL_CONVERSION = YES;
				CLANG_WARN_OBJC_ROOT_CLASS = YES_ERROR;
				CLANG_WARN_QUOTED_INCLUDE_IN_FRAMEWORK_HEADER = YES;
				CLANG_WARN_RANGE_LOOP_ANALYSIS = YES;
				CLANG_WARN_STRICT_PROTOTYPES = YES;
				CLANG_WARN_SUSPICIOUS_MOVE = YES;
				CLANG_WARN_UNGUARDED_AVAILABILITY = YES_AGGRESSIVE;
				CLANG_WARN_UNREACHABLE_CODE = YES;
				CLANG_WARN__DUPLICATE_METHOD_MATCH = YES;
				COPY_PHASE_STRIP = NO;
				DEBUG_INFORMATION_FORMAT = dwarf;
				DEVELOPMENT_TEAM = 5N6P925A7C;
				ENABLE_STRICT_OBJC_MSGSEND = YES;
				ENABLE_TESTABILITY = YES;
				ENABLE_USER_SCRIPT_SANDBOXING = YES;
				GCC_C_LANGUAGE_STANDARD = gnu17;
				GCC_DYNAMIC_NO_PIC = NO;
				GCC_NO_COMMON_BLOCKS = YES;
				GCC_OPTIMIZATION_LEVEL = 0;
				GCC_PREPROCESSOR_DEFINITIONS = (
					"DEBUG=1",
					"$(inherited)",
				);
				GCC_WARN_64_TO_32_BIT_CONVERSION = YES;
				GCC_WARN_ABOUT_RETURN_TYPE = YES_ERROR;
				GCC_WARN_UNDECLARED_SELECTOR = YES;
				GCC_WARN_UNINITIALIZED_AUTOS = YES_AGGRESSIVE;
				GCC_WARN_UNUSED_FUNCTION = YES;
				GCC_WARN_UNUSED_VARIABLE = YES;
				LOCALIZATION_PREFERS_STRING_CATALOGS = YES;
				MACOSX_DEPLOYMENT_TARGET = 15.5;
				MTL_ENABLE_DEBUG_INFO = INCLUDE_SOURCE;
				MTL_FAST_MATH = YES;
				ONLY_ACTIVE_ARCH = YES;
				SDKROOT = macosx;
				SWIFT_ACTIVE_COMPILATION_CONDITIONS = "DEBUG $(inherited)";
				SWIFT_OPTIMIZATION_LEVEL = "-Onone";
			};
			name = Debug;
		};
		F8A0B8632F6EF1270063A0CC /* Release */ = {
			isa = XCBuildConfiguration;
			buildSettings = {
				ALWAYS_SEARCH_USER_PATHS = NO;
				ASSETCATALOG_COMPILER_GENERATE_SWIFT_ASSET_SYMBOL_EXTENSIONS = YES;
				CLANG_ANALYZER_NONNULL = YES;
				CLANG_ANALYZER_NUMBER_OBJECT_CONVERSION = YES_AGGRESSIVE;
				CLANG_CXX_LANGUAGE_STANDARD = "gnu++20";
				CLANG_ENABLE_MODULES = YES;
				CLANG_ENABLE_OBJC_ARC = YES;
				CLANG_ENABLE_OBJC_WEAK = YES;
				CLANG_WARN_BLOCK_CAPTURE_AUTORELEASING = YES;
				CLANG_WARN_BOOL_CONVERSION = YES;
				CLANG_WARN_COMMA = YES;
				CLANG_WARN_CONSTANT_CONVERSION = YES;
				CLANG_WARN_DEPRECATED_OBJC_IMPLEMENTATIONS = YES;
				CLANG_WARN_DIRECT_OBJC_ISA_USAGE = YES_ERROR;
				CLANG_WARN_DOCUMENTATION_COMMENTS = YES;
				CLANG_WARN_EMPTY_BODY = YES;
				CLANG_WARN_ENUM_CONVERSION = YES;
				CLANG_WARN_INFINITE_RECURSION = YES;
				CLANG_WARN_INT_CONVERSION = YES;
				CLANG_WARN_NON_LITERAL_NULL_CONVERSION = YES;
				CLANG_WARN_OBJC_IMPLICIT_RETAIN_SELF = YES;
				CLANG_WARN_OBJC_LITERAL_CONVERSION = YES;
				CLANG_WARN_OBJC_ROOT_CLASS = YES_ERROR;
				CLANG_WARN_QUOTED_INCLUDE_IN_FRAMEWORK_HEADER = YES;
				CLANG_WARN_RANGE_LOOP_ANALYSIS = YES;
				CLANG_WARN_STRICT_PROTOTYPES = YES;
				CLANG_WARN_SUSPICIOUS_MOVE = YES;
				CLANG_WARN_UNGUARDED_AVAILABILITY = YES_AGGRESSIVE;
				CLANG_WARN_UNREACHABLE_CODE = YES;
				CLANG_WARN__DUPLICATE_METHOD_MATCH = YES;
				COPY_PHASE_STRIP = NO;
				DEBUG_INFORMATION_FORMAT = "dwarf-with-dsym";
				DEVELOPMENT_TEAM = 5N6P925A7C;
				ENABLE_NS_ASSERTIONS = NO;
				ENABLE_STRICT_OBJC_MSGSEND = YES;
				ENABLE_USER_SCRIPT_SANDBOXING = YES;
				GCC_C_LANGUAGE_STANDARD = gnu17;
				GCC_NO_COMMON_BLOCKS = YES;
				GCC_WARN_64_TO_32_BIT_CONVERSION = YES;
				GCC_WARN_ABOUT_RETURN_TYPE = YES_ERROR;
				GCC_WARN_UNDECLARED_SELECTOR = YES;
				GCC_WARN_UNINITIALIZED_AUTOS = YES_AGGRESSIVE;
				GCC_WARN_UNUSED_FUNCTION = YES;
				GCC_WARN_UNUSED_VARIABLE = YES;
				LOCALIZATION_PREFERS_STRING_CATALOGS = YES;
				MACOSX_DEPLOYMENT_TARGET = 15.5;
				MTL_ENABLE_DEBUG_INFO = NO;
				MTL_FAST_MATH = YES;
				SDKROOT = macosx;
				SWIFT_COMPILATION_MODE = wholemodule;
			};
			name = Release;
		};
		F8A0B8652F6EF1270063A0CC /* Debug */ = {
			isa = XCBuildConfiguration;
			buildSettings = {
				ASSETCATALOG_COMPILER_APPICON_NAME = AppIcon;
				ASSETCATALOG_COMPILER_GLOBAL_ACCENT_COLOR_NAME = AccentColor;
				CODE_SIGN_ENTITLEMENTS = Flash/Flash.entitlements;
				CODE_SIGN_STYLE = Automatic;
				COMBINE_HIDPI_IMAGES = YES;
				CURRENT_PROJECT_VERSION = 1;
				DEVELOPMENT_TEAM = 5N6P925A7C;
				ENABLE_HARDENED_RUNTIME = YES;
				ENABLE_PREVIEWS = YES;
				GENERATE_INFOPLIST_FILE = YES;
				INFOPLIST_KEY_LSUIElement = YES;
				INFOPLIST_KEY_NSHumanReadableCopyright = "";
				LD_RUNPATH_SEARCH_PATHS = (
					"$(inherited)",
					"@executable_path/../Frameworks",
				);
				MARKETING_VERSION = 1.0;
				PRODUCT_BUNDLE_IDENTIFIER = com.BA4QGQ.Flash;
				PRODUCT_NAME = "$(TARGET_NAME)";
				REGISTER_APP_GROUPS = YES;
				SWIFT_EMIT_LOC_STRINGS = YES;
				SWIFT_VERSION = 5.0;
			};
			name = Debug;
		};
		F8A0B8662F6EF1270063A0CC /* Release */ = {
			isa = XCBuildConfiguration;
			buildSettings = {
				ASSETCATALOG_COMPILER_APPICON_NAME = AppIcon;
				ASSETCATALOG_COMPILER_GLOBAL_ACCENT_COLOR_NAME = AccentColor;
				CODE_SIGN_ENTITLEMENTS = Flash/Flash.entitlements;
				CODE_SIGN_STYLE = Automatic;
				COMBINE_HIDPI_IMAGES = YES;
				CURRENT_PROJECT_VERSION = 1;
				DEVELOPMENT_TEAM = 5N6P925A7C;
				ENABLE_HARDENED_RUNTIME = YES;
				ENABLE_PREVIEWS = YES;
				GENERATE_INFOPLIST_FILE = YES;
				INFOPLIST_KEY_LSUIElement = YES;
				INFOPLIST_KEY_NSHumanReadableCopyright = "";
				LD_RUNPATH_SEARCH_PATHS = (
					"$(inherited)",
					"@executable_path/../Frameworks",
				);
				MARKETING_VERSION = 1.0;
				PRODUCT_BUNDLE_IDENTIFIER = com.BA4QGQ.Flash;
				PRODUCT_NAME = "$(TARGET_NAME)";
				REGISTER_APP_GROUPS = YES;
				SWIFT_EMIT_LOC_STRINGS = YES;
				SWIFT_VERSION = 5.0;
			};
			name = Release;
		};
		F8A0B8682F6EF1270063A0CC /* Debug */ = {
			isa = XCBuildConfiguration;
			buildSettings = {
				BUNDLE_LOADER = "$(TEST_HOST)";
				CODE_SIGN_STYLE = Automatic;
				CURRENT_PROJECT_VERSION = 1;
				DEVELOPMENT_TEAM = 5N6P925A7C;
				GENERATE_INFOPLIST_FILE = YES;
				MACOSX_DEPLOYMENT_TARGET = 15.5;
				MARKETING_VERSION = 1.0;
				PRODUCT_BUNDLE_IDENTIFIER = com.BA4QGQ.FlashTests;
				PRODUCT_NAME = "$(TARGET_NAME)";
				SWIFT_EMIT_LOC_STRINGS = NO;
				SWIFT_VERSION = 5.0;
				TEST_HOST = "$(BUILT_PRODUCTS_DIR)/Flash.app/$(BUNDLE_EXECUTABLE_FOLDER_PATH)/Flash";
			};
			name = Debug;
		};
		F8A0B8692F6EF1270063A0CC /* Release */ = {
			isa = XCBuildConfiguration;
			buildSettings = {
				BUNDLE_LOADER = "$(TEST_HOST)";
				CODE_SIGN_STYLE = Automatic;
				CURRENT_PROJECT_VERSION = 1;
				DEVELOPMENT_TEAM = 5N6P925A7C;
				GENERATE_INFOPLIST_FILE = YES;
				MACOSX_DEPLOYMENT_TARGET = 15.5;
				MARKETING_VERSION = 1.0;
				PRODUCT_BUNDLE_IDENTIFIER = com.BA4QGQ.FlashTests;
				PRODUCT_NAME = "$(TARGET_NAME)";
				SWIFT_EMIT_LOC_STRINGS = NO;
				SWIFT_VERSION = 5.0;
				TEST_HOST = "$(BUILT_PRODUCTS_DIR)/Flash.app/$(BUNDLE_EXECUTABLE_FOLDER_PATH)/Flash";
			};
			name = Release;
		};
		F8A0B86B2F6EF1270063A0CC /* Debug */ = {
			isa = XCBuildConfiguration;
			buildSettings = {
				CODE_SIGN_STYLE = Automatic;
				CURRENT_PROJECT_VERSION = 1;
				DEVELOPMENT_TEAM = 5N6P925A7C;
				GENERATE_INFOPLIST_FILE = YES;
				MARKETING_VERSION = 1.0;
				PRODUCT_BUNDLE_IDENTIFIER = com.BA4QGQ.FlashUITests;
				PRODUCT_NAME = "$(TARGET_NAME)";
				SWIFT_EMIT_LOC_STRINGS = NO;
				SWIFT_VERSION = 5.0;
				TEST_TARGET_NAME = Flash;
			};
			name = Debug;
		};
		F8A0B86C2F6EF1270063A0CC /* Release */ = {
			isa = XCBuildConfiguration;
			buildSettings = {
				CODE_SIGN_STYLE = Automatic;
				CURRENT_PROJECT_VERSION = 1;
				DEVELOPMENT_TEAM = 5N6P925A7C;
				GENERATE_INFOPLIST_FILE = YES;
				MARKETING_VERSION = 1.0;
				PRODUCT_BUNDLE_IDENTIFIER = com.BA4QGQ.FlashUITests;
				PRODUCT_NAME = "$(TARGET_NAME)";
				SWIFT_EMIT_LOC_STRINGS = NO;
				SWIFT_VERSION = 5.0;
				TEST_TARGET_NAME = Flash;
			};
			name = Release;
		};
/* End XCBuildConfiguration section */

/* Begin XCConfigurationList section */
		F8A0B83D2F6EF1250063A0CC /* Build configuration list for PBXProject "Flash" */ = {
			isa = XCConfigurationList;
			buildConfigurations = (
				F8A0B8622F6EF1270063A0CC /* Debug */,
				F8A0B8632F6EF1270063A0CC /* Release */,
			);
			defaultConfigurationIsVisible = 0;
			defaultConfigurationName = Release;
		};
		F8A0B8642F6EF1270063A0CC /* Build configuration list for PBXNativeTarget "Flash" */ = {
			isa = XCConfigurationList;
			buildConfigurations = (
				F8A0B8652F6EF1270063A0CC /* Debug */,
				F8A0B8662F6EF1270063A0CC /* Release */,
			);
			defaultConfigurationIsVisible = 0;
			defaultConfigurationName = Release;
		};
		F8A0B8672F6EF1270063A0CC /* Build configuration list for PBXNativeTarget "FlashTests" */ = {
			isa = XCConfigurationList;
			buildConfigurations = (
				F8A0B8682F6EF1270063A0CC /* Debug */,
				F8A0B8692F6EF1270063A0CC /* Release */,
			);
			defaultConfigurationIsVisible = 0;
			defaultConfigurationName = Release;
		};
		F8A0B86A2F6EF1270063A0CC /* Build configuration list for PBXNativeTarget "FlashUITests" */ = {
			isa = XCConfigurationList;
			buildConfigurations = (
				F8A0B86B2F6EF1270063A0CC /* Debug */,
				F8A0B86C2F6EF1270063A0CC /* Release */,
			);
			defaultConfigurationIsVisible = 0;
			defaultConfigurationName = Release;
		};
/* End XCConfigurationList section */

/* Begin XCRemoteSwiftPackageReference section */
		F86E64B62F6F04EF0078FF79 /* XCRemoteSwiftPackageReference "MASShortcut" */ = {
			isa = XCRemoteSwiftPackageReference;
			repositoryURL = "https://github.com/shpakovski/MASShortcut";
			requirement = {
				branch = master;
				kind = branch;
			};
		};
/* End XCRemoteSwiftPackageReference section */

/* Begin XCSwiftPackageProductDependency section */
		F86E64B72F6F04EF0078FF79 /* MASShortcut */ = {
			isa = XCSwiftPackageProductDependency;
			package = F86E64B62F6F04EF0078FF79 /* XCRemoteSwiftPackageReference "MASShortcut" */;
			productName = MASShortcut;
		};
/* End XCSwiftPackageProductDependency section */
	};
	rootObject = F8A0B83A2F6EF1250063A0CC /* Project object */;
}
